
Microsoft Visual Studio Solution File, Format Version 12.00
# Visual Studio Version 16
VisualStudioVersion = 16.0.30114.105
MinimumVisualStudioVersion = 10.0.40219.1
Project("{FAE04EC0-301F-11D3-BF4B-00C04F79EFBC}") = "PortalProgramacao.Web", "PortalProgramacao.Web\PortalProgramacao.Web.csproj", "{16D63477-629F-461E-A937-A1112AAB9DB6}"
EndProject
Project("{FAE04EC0-301F-11D3-BF4B-00C04F79EFBC}") = "PortalProgramacao.Application", "PortalProgramacao.Application\PortalProgramacao.Application.csproj", "{DD04275D-A467-4036-916C-3BDF379A1910}"
EndProject
Project("{FAE04EC0-301F-11D3-BF4B-00C04F79EFBC}") = "PortalProgramacao.Domain", "PortalProgramacao.Domain\PortalProgramacao.Domain.csproj", "{DC4FDE6C-0A35-4561-AE25-466C84CB609C}"
EndProject
Project("{FAE04EC0-301F-11D3-BF4B-00C04F79EFBC}") = "PortalProgramacao.Infrastructure", "PortalProgramacao.Infrastructure\PortalProgramacao.Infrastructure.csproj", "{355CC342-90B4-4D18-9AAF-A3C49DDF75D1}"
EndProject
Global
	GlobalSection(SolutionConfigurationPlatforms) = preSolution
		Debug|Any CPU = Debug|Any CPU
		Release|Any CPU = Release|Any CPU
	EndGlobalSection
	GlobalSection(SolutionProperties) = preSolution
		HideSolutionNode = FALSE
	EndGlobalSection
	GlobalSection(ProjectConfigurationPlatforms) = postSolution
		{16D63477-629F-461E-A937-A1112AAB9DB6}.Debug|Any CPU.ActiveCfg = Debug|Any CPU
		{16D63477-629F-461E-A937-A1112AAB9DB6}.Debug|Any CPU.Build.0 = Debug|Any CPU
		{16D63477-629F-461E-A937-A1112AAB9DB6}.Release|Any CPU.ActiveCfg = Release|Any CPU
		{16D63477-629F-461E-A937-A1112AAB9DB6}.Release|Any CPU.Build.0 = Release|Any CPU
		{DD04275D-A467-4036-916C-3BDF379A1910}.Debug|Any CPU.ActiveCfg = Debug|Any CPU
		{DD04275D-A467-4036-916C-3BDF379A1910}.Debug|Any CPU.Build.0 = Debug|Any CPU
		{DD04275D-A467-4036-916C-3BDF379A1910}.Release|Any CPU.ActiveCfg = Release|Any CPU
		{DD04275D-A467-4036-916C-3BDF379A1910}.Release|Any CPU.Build.0 = Release|Any CPU
		{DC4FDE6C-0A35-4561-AE25-466C84CB609C}.Debug|Any CPU.ActiveCfg = Debug|Any CPU
		{DC4FDE6C-0A35-4561-AE25-466C84CB609C}.Debug|Any CPU.Build.0 = Debug|Any CPU
		{DC4FDE6C-0A35-4561-AE25-466C84CB609C}.Release|Any CPU.ActiveCfg = Release|Any CPU
		{DC4FDE6C-0A35-4561-AE25-466C84CB609C}.Release|Any CPU.Build.0 = Release|Any CPU
		{355CC342-90B4-4D18-9AAF-A3C49DDF75D1}.Debug|Any CPU.ActiveCfg = Debug|Any CPU
		{355CC342-90B4-4D18-9AAF-A3C49DDF75D1}.Debug|Any CPU.Build.0 = Debug|Any CPU
		{355CC342-90B4-4D18-9AAF-A3C49DDF75D1}.Release|Any CPU.ActiveCfg = Release|Any CPU
		{355CC342-90B4-4D18-9AAF-A3C49DDF75D1}.Release|Any CPU.Build.0 = Release|Any CPU
	EndGlobalSection
EndGlobal
